
Microsoft Visual Studio Solution File, Format Version 12.00
# Visual Studio 15
VisualStudioVersion = 15.0.28307.329
MinimumVisualStudioVersion = 10.0.40219.1
Project("{FAE04EC0-301F-11D3-BF4B-00C04F79EFBC}") = "Day3Demo", "Day3Demo\Day3Demo.csproj", "{368ED763-CAF5-40A9-8F43-CF6A2DC5EAB4}"
EndProject
Global
	GlobalSection(SolutionConfigurationPlatforms) = preSolution
		Debug|Any CPU = Debug|Any CPU
		Release|Any CPU = Release|Any CPU
	EndGlobalSection
	GlobalSection(ProjectConfigurationPlatforms) = postSolution
		{368ED763-CAF5-40A9-8F43-CF6A2DC5EAB4}.Debug|Any CPU.ActiveCfg = Debug|Any CPU
		{368ED763-CAF5-40A9-8F43-CF6A2DC5EAB4}.Debug|Any CPU.Build.0 = Debug|Any CPU
		{368ED763-CAF5-40A9-8F43-CF6A2DC5EAB4}.Release|Any CPU.ActiveCfg = Release|Any CPU
		{368ED763-CAF5-40A9-8F43-CF6A2DC5EAB4}.Release|Any CPU.Build.0 = Release|Any CPU
	EndGlobalSection
	GlobalSection(SolutionProperties) = preSolution
		HideSolutionNode = FALSE
	EndGlobalSection
	GlobalSection(ExtensibilityGlobals) = postSolution
		SolutionGuid = {6BF1E24B-5868-4CA7-B313-9771D5F1C10A}
	EndGlobalSection
EndGlobal
